// !$*UTF8*$!
{
	archiveVersion = 1;
	classes = {
	};
	objectVersion = 56;
	objects = {

/* Begin PBXBuildFile section */
		851704F62CD18781002C14AA /* OneBigProjectApp.swift in Sources */ = {isa = PBXBuildFile; fileRef = 851704F52CD18781002C14AA /* OneBigProjectApp.swift */; };
		851704F82CD18781002C14AA /* ContentView.swift in Sources */ = {isa = PBXBuildFile; fileRef = 851704F72CD18781002C14AA /* ContentView.swift */; };
		851704FA2CD18783002C14AA /* Assets.xcassets in Resources */ = {isa = PBXBuildFile; fileRef = 851704F92CD18783002C14AA /* Assets.xcassets */; };
		851704FE2CD18783002C14AA /* Preview Assets.xcassets in Resources */ = {isa = PBXBuildFile; fileRef = 851704FD2CD18783002C14AA /* Preview Assets.xcassets */; };
		851705082CD18783002C14AA /* OneBigProjectTests.swift in Sources */ = {isa = PBXBuildFile; fileRef = 851705072CD18783002C14AA /* OneBigProjectTests.swift */; };
		851705122CD18783002C14AA /* OneBigProjectUITests.swift in Sources */ = {isa = PBXBuildFile; fileRef = 851705112CD18783002C14AA /* OneBigProjectUITests.swift */; };
		851705142CD18783002C14AA /* OneBigProjectUITestsLaunchTests.swift in Sources */ = {isa = PBXBuildFile; fileRef = 851705132CD18783002C14AA /* OneBigProjectUITestsLaunchTests.swift */; };
/* End PBXBuildFile section */

/* Begin PBXContainerItemProxy section */
		851705042CD18783002C14AA /* PBXContainerItemProxy */ = {
			isa = PBXContainerItemProxy;
			containerPortal = 851704EA2CD18781002C14AA /* Project object */;
			proxyType = 1;
			remoteGlobalIDString = 851704F12CD18781002C14AA;
			remoteInfo = OneBigProject;
		};
		8517050E2CD18783002C14AA /* PBXContainerItemProxy */ = {
			isa = PBXContainerItemProxy;
			containerPortal = 851704EA2CD18781002C14AA /* Project object */;
			proxyType = 1;
			remoteGlobalIDString = 851704F12CD18781002C14AA;
			remoteInfo = OneBigProject;
		};
/* End PBXContainerItemProxy section */

/* Begin PBXFileReference section */
		851704F22CD18781002C14AA /* OneBigProject.app */ = {isa = PBXFileReference; explicitFileType = wrapper.application; includeInIndex = 0; path = OneBigProject.app; sourceTree = BUILT_PRODUCTS_DIR; };
		851704F52CD18781002C14AA /* OneBigProjectApp.swift */ = {isa = PBXFileReference; lastKnownFileType = sourcecode.swift; path = OneBigProjectApp.swift; sourceTree = "<group>"; };
		851704F72CD18781002C14AA /* ContentView.swift */ = {isa = PBXFileReference; lastKnownFileType = sourcecode.swift; path = ContentView.swift; sourceTree = "<group>"; };
		851704F92CD18783002C14AA /* Assets.xcassets */ = {isa = PBXFileReference; lastKnownFileType = folder.assetcatalog; path = Assets.xcassets; sourceTree = "<group>"; };
		851704FB2CD18783002C14AA /* OneBigProject.entitlements */ = {isa = PBXFileReference; lastKnownFileType = text.plist.entitlements; path = OneBigProject.entitlements; sourceTree = "<group>"; };
		851704FD2CD18783002C14AA /* Preview Assets.xcassets */ = {isa = PBXFileReference; lastKnownFileType = folder.assetcatalog; path = "Preview Assets.xcassets"; sourceTree = "<group>"; };
		851705032CD18783002C14AA /* OneBigProjectTests.xctest */ = {isa = PBXFileReference; explicitFileType = wrapper.cfbundle; includeInIndex = 0; path = OneBigProjectTests.xctest; sourceTree = BUILT_PRODUCTS_DIR; };
		851705072CD18783002C14AA /* OneBigProjectTests.swift */ = {isa = PBXFileReference; lastKnownFileType = sourcecode.swift; path = OneBigProjectTests.swift; sourceTree = "<group>"; };
		8517050D2CD18783002C14AA /* OneBigProjectUITests.xctest */ = {isa = PBXFileReference; explicitFileType = wrapper.cfbundle; includeInIndex = 0; path = OneBigProjectUITests.xctest; sourceTree = BUILT_PRODUCTS_DIR; };
		851705112CD18783002C14AA /* OneBigProjectUITests.swift */ = {isa = PBXFileReference; lastKnownFileType = sourcecode.swift; path = OneBigProjectUITests.swift; sourceTree = "<group>"; };
		851705132CD18783002C14AA /* OneBigProjectUITestsLaunchTests.swift */ = {isa = PBXFileReference; lastKnownFileType = sourcecode.swift; path = OneBigProjectUITestsLaunchTests.swift; sourceTree = "<group>"; };
/* End PBXFileReference section */

/* Begin PBXFrameworksBuildPhase section */
		851704EF2CD18781002C14AA /* Frameworks */ = {
			isa = PBXFrameworksBuildPhase;
			buildActionMask = 2147483647;
			files = (
			);
			runOnlyForDeploymentPostprocessing = 0;
		};
		851705002CD18783002C14AA /* Frameworks */ = {
			isa = PBXFrameworksBuildPhase;
			buildActionMask = 2147483647;
			files = (
			);
			runOnlyForDeploymentPostprocessing = 0;
		};
		8517050A2CD18783002C14AA /* Frameworks */ = {
			isa = PBXFrameworksBuildPhase;
			buildActionMask = 2147483647;
			files = (
			);
			runOnlyForDeploymentPostprocessing = 0;
		};
/* End PBXFrameworksBuildPhase section */

/* Begin PBXGroup section */
		851704E92CD18781002C14AA = {
			isa = PBXGroup;
			children = (
				851704F42CD18781002C14AA /* OneBigProject */,
				851705062CD18783002C14AA /* OneBigProjectTests */,
				851705102CD18783002C14AA /* OneBigProjectUITests */,
				851704F32CD18781002C14AA /* Products */,
			);
			sourceTree = "<group>";
		};
		851704F32CD18781002C14AA /* Products */ = {
			isa = PBXGroup;
			children = (
				851704F22CD18781002C14AA /* OneBigProject.app */,
				851705032CD18783002C14AA /* OneBigProjectTests.xctest */,
				8517050D2CD18783002C14AA /* OneBigProjectUITests.xctest */,
			);
			name = Products;
			sourceTree = "<group>";
		};
		851704F42CD18781002C14AA /* OneBigProject */ = {
			isa = PBXGroup;
			children = (
				851704F52CD18781002C14AA /* OneBigProjectApp.swift */,
				851704F72CD18781002C14AA /* ContentView.swift */,
				851704F92CD18783002C14AA /* Assets.xcassets */,
				851704FB2CD18783002C14AA /* OneBigProject.entitlements */,
				851704FC2CD18783002C14AA /* Preview Content */,
			);
			path = OneBigProject;
			sourceTree = "<group>";
		};
		851704FC2CD18783002C14AA /* Preview Content */ = {
			isa = PBXGroup;
			children = (
				851704FD2CD18783002C14AA /* Preview Assets.xcassets */,
			);
			path = "Preview Content";
			sourceTree = "<group>";
		};
		851705062CD18783002C14AA /* OneBigProjectTests */ = {
			isa = PBXGroup;
			children = (
				851705072CD18783002C14AA /* OneBigProjectTests.swift */,
			);
			path = OneBigProjectTests;
			sourceTree = "<group>";
		};
		851705102CD18783002C14AA /* OneBigProjectUITests */ = {
			isa = PBXGroup;
			children = (
				851705112CD18783002C14AA /* OneBigProjectUITests.swift */,
				851705132CD18783002C14AA /* OneBigProjectUITestsLaunchTests.swift */,
			);
			path = OneBigProjectUITests;
			sourceTree = "<group>";
		};
/* End PBXGroup section */

/* Begin PBXNativeTarget section */
		851704F12CD18781002C14AA /* OneBigProject */ = {
			isa = PBXNativeTarget;
			buildConfigurationList = 851705172CD18783002C14AA /* Build configuration list for PBXNativeTarget "OneBigProject" */;
			buildPhases = (
				851704EE2CD18781002C14AA /* Sources */,
				851704EF2CD18781002C14AA /* Frameworks */,
				851704F02CD18781002C14AA /* Resources */,
			);
			buildRules = (
			);
			dependencies = (
			);
			name = OneBigProject;
			productName = OneBigProject;
			productReference = 851704F22CD18781002C14AA /* OneBigProject.app */;
			productType = "com.apple.product-type.application";
		};
		851705022CD18783002C14AA /* OneBigProjectTests */ = {
			isa = PBXNativeTarget;
			buildConfigurationList = 8517051A2CD18783002C14AA /* Build configuration list for PBXNativeTarget "OneBigProjectTests" */;
			buildPhases = (
				851704FF2CD18783002C14AA /* Sources */,
				851705002CD18783002C14AA /* Frameworks */,
				851705012CD18783002C14AA /* Resources */,
			);
			buildRules = (
			);
			dependencies = (
				851705052CD18783002C14AA /* PBXTargetDependency */,
			);
			name = OneBigProjectTests;
			productName = OneBigProjectTests;
			productReference = 851705032CD18783002C14AA /* OneBigProjectTests.xctest */;
			productType = "com.apple.product-type.bundle.unit-test";
		};
		8517050C2CD18783002C14AA /* OneBigProjectUITests */ = {
			isa = PBXNativeTarget;
			buildConfigurationList = 8517051D2CD18783002C14AA /* Build configuration list for PBXNativeTarget "OneBigProjectUITests" */;
			buildPhases = (
				851705092CD18783002C14AA /* Sources */,
				8517050A2CD18783002C14AA /* Frameworks */,
				8517050B2CD18783002C14AA /* Resources */,
			);
			buildRules = (
			);
			dependencies = (
				8517050F2CD18783002C14AA /* PBXTargetDependency */,
			);
			name = OneBigProjectUITests;
			productName = OneBigProjectUITests;
			productReference = 8517050D2CD18783002C14AA /* OneBigProjectUITests.xctest */;
			productType = "com.apple.product-type.bundle.ui-testing";
		};
/* End PBXNativeTarget section */

/* Begin PBXProject section */
		851704EA2CD18781002C14AA /* Project object */ = {
			isa = PBXProject;
			attributes = {
				BuildIndependentTargetsInParallel = 1;
				LastSwiftUpdateCheck = 1500;
				LastUpgradeCheck = 1500;
				TargetAttributes = {
					851704F12CD18781002C14AA = {
						CreatedOnToolsVersion = 15.0.1;
					};
					851705022CD18783002C14AA = {
						CreatedOnToolsVersion = 15.0.1;
						TestTargetID = 851704F12CD18781002C14AA;
					};
					8517050C2CD18783002C14AA = {
						CreatedOnToolsVersion = 15.0.1;
						TestTargetID = 851704F12CD18781002C14AA;
					};
				};
			};
			buildConfigurationList = 851704ED2CD18781002C14AA /* Build configuration list for PBXProject "OneBigProject" */;
			compatibilityVersion = "Xcode 14.0";
			developmentRegion = en;
			hasScannedForEncodings = 0;
			knownRegions = (
				en,
				Base,
			);
			mainGroup = 851704E92CD18781002C14AA;
			productRefGroup = 851704F32CD18781002C14AA /* Products */;
			projectDirPath = "";
			projectRoot = "";
			targets = (
				851704F12CD18781002C14AA /* OneBigProject */,
				851705022CD18783002C14AA /* OneBigProjectTests */,
				8517050C2CD18783002C14AA /* OneBigProjectUITests */,
			);
		};
/* End PBXProject section */

/* Begin PBXResourcesBuildPhase section */
		851704F02CD18781002C14AA /* Resources */ = {
			isa = PBXResourcesBuildPhase;
			buildActionMask = 2147483647;
			files = (
				851704FE2CD18783002C14AA /* Preview Assets.xcassets in Resources */,
				851704FA2CD18783002C14AA /* Assets.xcassets in Resources */,
			);
			runOnlyForDeploymentPostprocessing = 0;
		};
		851705012CD18783002C14AA /* Resources */ = {
			isa = PBXResourcesBuildPhase;
			buildActionMask = 2147483647;
			files = (
			);
			runOnlyForDeploymentPostprocessing = 0;
		};
		8517050B2CD18783002C14AA /* Resources */ = {
			isa = PBXResourcesBuildPhase;
			buildActionMask = 2147483647;
			files = (
			);
			runOnlyForDeploymentPostprocessing = 0;
		};
/* End PBXResourcesBuildPhase section */

/* Begin PBXSourcesBuildPhase section */
		851704EE2CD18781002C14AA /* Sources */ = {
			isa = PBXSourcesBuildPhase;
			buildActionMask = 2147483647;
			files = (
				851704F82CD18781002C14AA /* ContentView.swift in Sources */,
				851704F62CD18781002C14AA /* OneBigProjectApp.swift in Sources */,
			);
			runOnlyForDeploymentPostprocessing = 0;
		};
		851704FF2CD18783002C14AA /* Sources */ = {
			isa = PBXSourcesBuildPhase;
			buildActionMask = 2147483647;
			files = (
				851705082CD18783002C14AA /* OneBigProjectTests.swift in Sources */,
			);
			runOnlyForDeploymentPostprocessing = 0;
		};
		851705092CD18783002C14AA /* Sources */ = {
			isa = PBXSourcesBuildPhase;
			buildActionMask = 2147483647;
			files = (
				851705142CD18783002C14AA /* OneBigProjectUITestsLaunchTests.swift in Sources */,
				851705122CD18783002C14AA /* OneBigProjectUITests.swift in Sources */,
			);
			runOnlyForDeploymentPostprocessing = 0;
		};
/* End PBXSourcesBuildPhase section */

/* Begin PBXTargetDependency section */
		851705052CD18783002C14AA /* PBXTargetDependency */ = {
			isa = PBXTargetDependency;
			target = 851704F12CD18781002C14AA /* OneBigProject */;
			targetProxy = 851705042CD18783002C14AA /* PBXContainerItemProxy */;
		};
		8517050F2CD18783002C14AA /* PBXTargetDependency */ = {
			isa = PBXTargetDependency;
			target = 851704F12CD18781002C14AA /* OneBigProject */;
			targetProxy = 8517050E2CD18783002C14AA /* PBXContainerItemProxy */;
		};
/* End PBXTargetDependency section */

/* Begin XCBuildConfiguration section */
		851705152CD18783002C14AA /* Debug */ = {
			isa = XCBuildConfiguration;
			buildSettings = {
				ALWAYS_SEARCH_USER_PATHS = NO;
				ASSETCATALOG_COMPILER_GENERATE_SWIFT_ASSET_SYMBOL_EXTENSIONS = YES;
				CLANG_ANALYZER_NONNULL = YES;
				CLANG_ANALYZER_NUMBER_OBJECT_CONVERSION = YES_AGGRESSIVE;
				CLANG_CXX_LANGUAGE_STANDARD = "gnu++20";
				CLANG_ENABLE_MODULES = YES;
				CLANG_ENABLE_OBJC_ARC = YES;
				CLANG_ENABLE_OBJC_WEAK = YES;
				CLANG_WARN_BLOCK_CAPTURE_AUTORELEASING = YES;
				CLANG_WARN_BOOL_CONVERSION = YES;
				CLANG_WARN_COMMA = YES;
				CLANG_WARN_CONSTANT_CONVERSION = YES;
				CLANG_WARN_DEPRECATED_OBJC_IMPLEMENTATIONS = YES;
				CLANG_WARN_DIRECT_OBJC_ISA_USAGE = YES_ERROR;
				CLANG_WARN_DOCUMENTATION_COMMENTS = YES;
				CLANG_WARN_EMPTY_BODY = YES;
				CLANG_WARN_ENUM_CONVERSION = YES;
				CLANG_WARN_INFINITE_RECURSION = YES;
				CLANG_WARN_INT_CONVERSION = YES;
				CLANG_WARN_NON_LITERAL_NULL_CONVERSION = YES;
				CLANG_WARN_OBJC_IMPLICIT_RETAIN_SELF = YES;
				CLANG_WARN_OBJC_LITERAL_CONVERSION = YES;
				CLANG_WARN_OBJC_ROOT_CLASS = YES_ERROR;
				CLANG_WARN_QUOTED_INCLUDE_IN_FRAMEWORK_HEADER = YES;
				CLANG_WARN_RANGE_LOOP_ANALYSIS = YES;
				CLANG_WARN_STRICT_PROTOTYPES = YES;
				CLANG_WARN_SUSPICIOUS_MOVE = YES;
				CLANG_WARN_UNGUARDED_AVAILABILITY = YES_AGGRESSIVE;
				CLANG_WARN_UNREACHABLE_CODE = YES;
				CLANG_WARN__DUPLICATE_METHOD_MATCH = YES;
				COPY_PHASE_STRIP = NO;
				DEBUG_INFORMATION_FORMAT = dwarf;
				ENABLE_STRICT_OBJC_MSGSEND = YES;
				ENABLE_TESTABILITY = YES;
				ENABLE_USER_SCRIPT_SANDBOXING = YES;
				GCC_C_LANGUAGE_STANDARD = gnu17;
				GCC_DYNAMIC_NO_PIC = NO;
				GCC_NO_COMMON_BLOCKS = YES;
				GCC_OPTIMIZATION_LEVEL = 0;
				GCC_PREPROCESSOR_DEFINITIONS = (
					"DEBUG=1",
					"$(inherited)",
				);
				GCC_WARN_64_TO_32_BIT_CONVERSION = YES;
				GCC_WARN_ABOUT_RETURN_TYPE = YES_ERROR;
				GCC_WARN_UNDECLARED_SELECTOR = YES;
				GCC_WARN_UNINITIALIZED_AUTOS = YES_AGGRESSIVE;
				GCC_WARN_UNUSED_FUNCTION = YES;
				GCC_WARN_UNUSED_VARIABLE = YES;
				LOCALIZATION_PREFERS_STRING_CATALOGS = YES;
				MTL_ENABLE_DEBUG_INFO = INCLUDE_SOURCE;
				MTL_FAST_MATH = YES;
				ONLY_ACTIVE_ARCH = YES;
				SWIFT_ACTIVE_COMPILATION_CONDITIONS = "DEBUG $(inherited)";
				SWIFT_OPTIMIZATION_LEVEL = "-Onone";
			};
			name = Debug;
		};
		851705162CD18783002C14AA /* Release */ = {
			isa = XCBuildConfiguration;
			buildSettings = {
				ALWAYS_SEARCH_USER_PATHS = NO;
				ASSETCATALOG_COMPILER_GENERATE_SWIFT_ASSET_SYMBOL_EXTENSIONS = YES;
				CLANG_ANALYZER_NONNULL = YES;
				CLANG_ANALYZER_NUMBER_OBJECT_CONVERSION = YES_AGGRESSIVE;
				CLANG_CXX_LANGUAGE_STANDARD = "gnu++20";
				CLANG_ENABLE_MODULES = YES;
				CLANG_ENABLE_OBJC_ARC = YES;
				CLANG_ENABLE_OBJC_WEAK = YES;
				CLANG_WARN_BLOCK_CAPTURE_AUTORELEASING = YES;
				CLANG_WARN_BOOL_CONVERSION = YES;
				CLANG_WARN_COMMA = YES;
				CLANG_WARN_CONSTANT_CONVERSION = YES;
				CLANG_WARN_DEPRECATED_OBJC_IMPLEMENTATIONS = YES;
				CLANG_WARN_DIRECT_OBJC_ISA_USAGE = YES_ERROR;
				CLANG_WARN_DOCUMENTATION_COMMENTS = YES;
				CLANG_WARN_EMPTY_BODY = YES;
				CLANG_WARN_ENUM_CONVERSION = YES;
				CLANG_WARN_INFINITE_RECURSION = YES;
				CLANG_WARN_INT_CONVERSION = YES;
				CLANG_WARN_NON_LITERAL_NULL_CONVERSION = YES;
				CLANG_WARN_OBJC_IMPLICIT_RETAIN_SELF = YES;
				CLANG_WARN_OBJC_LITERAL_CONVERSION = YES;
				CLANG_WARN_OBJC_ROOT_CLASS = YES_ERROR;
				CLANG_WARN_QUOTED_INCLUDE_IN_FRAMEWORK_HEADER = YES;
				CLANG_WARN_RANGE_LOOP_ANALYSIS = YES;
				CLANG_WARN_STRICT_PROTOTYPES = YES;
				CLANG_WARN_SUSPICIOUS_MOVE = YES;
				CLANG_WARN_UNGUARDED_AVAILABILITY = YES_AGGRESSIVE;
				CLANG_WARN_UNREACHABLE_CODE = YES;
				CLANG_WARN__DUPLICATE_METHOD_MATCH = YES;
				COPY_PHASE_STRIP = NO;
				DEBUG_INFORMATION_FORMAT = "dwarf-with-dsym";
				ENABLE_NS_ASSERTIONS = NO;
				ENABLE_STRICT_OBJC_MSGSEND = YES;
				ENABLE_USER_SCRIPT_SANDBOXING = YES;
				GCC_C_LANGUAGE_STANDARD = gnu17;
				GCC_NO_COMMON_BLOCKS = YES;
				GCC_WARN_64_TO_32_BIT_CONVERSION = YES;
				GCC_WARN_ABOUT_RETURN_TYPE = YES_ERROR;
				GCC_WARN_UNDECLARED_SELECTOR = YES;
				GCC_WARN_UNINITIALIZED_AUTOS = YES_AGGRESSIVE;
				GCC_WARN_UNUSED_FUNCTION = YES;
				GCC_WARN_UNUSED_VARIABLE = YES;
				LOCALIZATION_PREFERS_STRING_CATALOGS = YES;
				MTL_ENABLE_DEBUG_INFO = NO;
				MTL_FAST_MATH = YES;
				SWIFT_COMPILATION_MODE = wholemodule;
			};
			name = Release;
		};
		851705182CD18783002C14AA /* Debug */ = {
			isa = XCBuildConfiguration;
			buildSettings = {
				ASSETCATALOG_COMPILER_APPICON_NAME = AppIcon;
				ASSETCATALOG_COMPILER_GLOBAL_ACCENT_COLOR_NAME = AccentColor;
				CODE_SIGN_ENTITLEMENTS = OneBigProject/OneBigProject.entitlements;
				CODE_SIGN_STYLE = Automatic;
				CURRENT_PROJECT_VERSION = 1;
				DEVELOPMENT_ASSET_PATHS = "\"OneBigProject/Preview Content\"";
				ENABLE_PREVIEWS = YES;
				GENERATE_INFOPLIST_FILE = YES;
				"INFOPLIST_KEY_UIApplicationSceneManifest_Generation[sdk=iphoneos*]" = YES;
				"INFOPLIST_KEY_UIApplicationSceneManifest_Generation[sdk=iphonesimulator*]" = YES;
				"INFOPLIST_KEY_UIApplicationSupportsIndirectInputEvents[sdk=iphoneos*]" = YES;
				"INFOPLIST_KEY_UIApplicationSupportsIndirectInputEvents[sdk=iphonesimulator*]" = YES;
				"INFOPLIST_KEY_UILaunchScreen_Generation[sdk=iphoneos*]" = YES;
				"INFOPLIST_KEY_UILaunchScreen_Generation[sdk=iphonesimulator*]" = YES;
				"INFOPLIST_KEY_UIStatusBarStyle[sdk=iphoneos*]" = UIStatusBarStyleDefault;
				"INFOPLIST_KEY_UIStatusBarStyle[sdk=iphonesimulator*]" = UIStatusBarStyleDefault;
				INFOPLIST_KEY_UISupportedInterfaceOrientations_iPad = "UIInterfaceOrientationPortrait UIInterfaceOrientationPortraitUpsideDown UIInterfaceOrientationLandscapeLeft UIInterfaceOrientationLandscapeRight";
				INFOPLIST_KEY_UISupportedInterfaceOrientations_iPhone = "UIInterfaceOrientationPortrait UIInterfaceOrientationLandscapeLeft UIInterfaceOrientationLandscapeRight";
				IPHONEOS_DEPLOYMENT_TARGET = 17.0;
				LD_RUNPATH_SEARCH_PATHS = "@executable_path/Frameworks";
				"LD_RUNPATH_SEARCH_PATHS[sdk=macosx*]" = "@executable_path/../Frameworks";
				MACOSX_DEPLOYMENT_TARGET = 14.0;
				MARKETING_VERSION = 1.0;
				PRODUCT_BUNDLE_IDENTIFIER = nbottkjaer.OneBigProject;
				PRODUCT_NAME = "$(TARGET_NAME)";
				SDKROOT = auto;
				SUPPORTED_PLATFORMS = "iphoneos iphonesimulator macosx";
				SWIFT_EMIT_LOC_STRINGS = YES;
				SWIFT_VERSION = 5.0;
				TARGETED_DEVICE_FAMILY = "1,2";
			};
			name = Debug;
		};
		851705192CD18783002C14AA /* Release */ = {
			isa = XCBuildConfiguration;
			buildSettings = {
				ASSETCATALOG_COMPILER_APPICON_NAME = AppIcon;
				ASSETCATALOG_COMPILER_GLOBAL_ACCENT_COLOR_NAME = AccentColor;
				CODE_SIGN_ENTITLEMENTS = OneBigProject/OneBigProject.entitlements;
				CODE_SIGN_STYLE = Automatic;
				CURRENT_PROJECT_VERSION = 1;
				DEVELOPMENT_ASSET_PATHS = "\"OneBigProject/Preview Content\"";
				ENABLE_PREVIEWS = YES;
				GENERATE_INFOPLIST_FILE = YES;
				"INFOPLIST_KEY_UIApplicationSceneManifest_Generation[sdk=iphoneos*]" = YES;
				"INFOPLIST_KEY_UIApplicationSceneManifest_Generation[sdk=iphonesimulator*]" = YES;
				"INFOPLIST_KEY_UIApplicationSupportsIndirectInputEvents[sdk=iphoneos*]" = YES;
				"INFOPLIST_KEY_UIApplicationSupportsIndirectInputEvents[sdk=iphonesimulator*]" = YES;
				"INFOPLIST_KEY_UILaunchScreen_Generation[sdk=iphoneos*]" = YES;
				"INFOPLIST_KEY_UILaunchScreen_Generation[sdk=iphonesimulator*]" = YES;
				"INFOPLIST_KEY_UIStatusBarStyle[sdk=iphoneos*]" = UIStatusBarStyleDefault;
				"INFOPLIST_KEY_UIStatusBarStyle[sdk=iphonesimulator*]" = UIStatusBarStyleDefault;
				INFOPLIST_KEY_UISupportedInterfaceOrientations_iPad = "UIInterfaceOrientationPortrait UIInterfaceOrientationPortraitUpsideDown UIInterfaceOrientationLandscapeLeft UIInterfaceOrientationLandscapeRight";
				INFOPLIST_KEY_UISupportedInterfaceOrientations_iPhone = "UIInterfaceOrientationPortrait UIInterfaceOrientationLandscapeLeft UIInterfaceOrientationLandscapeRight";
				IPHONEOS_DEPLOYMENT_TARGET = 17.0;
				LD_RUNPATH_SEARCH_PATHS = "@executable_path/Frameworks";
				"LD_RUNPATH_SEARCH_PATHS[sdk=macosx*]" = "@executable_path/../Frameworks";
				MACOSX_DEPLOYMENT_TARGET = 14.0;
				MARKETING_VERSION = 1.0;
				PRODUCT_BUNDLE_IDENTIFIER = nbottkjaer.OneBigProject;
				PRODUCT_NAME = "$(TARGET_NAME)";
				SDKROOT = auto;
				SUPPORTED_PLATFORMS = "iphoneos iphonesimulator macosx";
				SWIFT_EMIT_LOC_STRINGS = YES;
				SWIFT_VERSION = 5.0;
				TARGETED_DEVICE_FAMILY = "1,2";
			};
			name = Release;
		};
		8517051B2CD18783002C14AA /* Debug */ = {
			isa = XCBuildConfiguration;
			buildSettings = {
				ALWAYS_EMBED_SWIFT_STANDARD_LIBRARIES = YES;
				BUNDLE_LOADER = "$(TEST_HOST)";
				CODE_SIGN_STYLE = Automatic;
				CURRENT_PROJECT_VERSION = 1;
				GENERATE_INFOPLIST_FILE = YES;
				IPHONEOS_DEPLOYMENT_TARGET = 17.0;
				MACOSX_DEPLOYMENT_TARGET = 14.0;
				MARKETING_VERSION = 1.0;
				PRODUCT_BUNDLE_IDENTIFIER = nbottkjaer.OneBigProjectTests;
				PRODUCT_NAME = "$(TARGET_NAME)";
				SDKROOT = auto;
				SUPPORTED_PLATFORMS = "iphoneos iphonesimulator macosx";
				SWIFT_EMIT_LOC_STRINGS = NO;
				SWIFT_VERSION = 5.0;
				TARGETED_DEVICE_FAMILY = "1,2";
				TEST_HOST = "$(BUILT_PRODUCTS_DIR)/OneBigProject.app/$(BUNDLE_EXECUTABLE_FOLDER_PATH)/OneBigProject";
			};
			name = Debug;
		};
		8517051C2CD18783002C14AA /* Release */ = {
			isa = XCBuildConfiguration;
			buildSettings = {
				ALWAYS_EMBED_SWIFT_STANDARD_LIBRARIES = YES;
				BUNDLE_LOADER = "$(TEST_HOST)";
				CODE_SIGN_STYLE = Automatic;
				CURRENT_PROJECT_VERSION = 1;
				GENERATE_INFOPLIST_FILE = YES;
				IPHONEOS_DEPLOYMENT_TARGET = 17.0;
				MACOSX_DEPLOYMENT_TARGET = 14.0;
				MARKETING_VERSION = 1.0;
				PRODUCT_BUNDLE_IDENTIFIER = nbottkjaer.OneBigProjectTests;
				PRODUCT_NAME = "$(TARGET_NAME)";
				SDKROOT = auto;
				SUPPORTED_PLATFORMS = "iphoneos iphonesimulator macosx";
				SWIFT_EMIT_LOC_STRINGS = NO;
				SWIFT_VERSION = 5.0;
				TARGETED_DEVICE_FAMILY = "1,2";
				TEST_HOST = "$(BUILT_PRODUCTS_DIR)/OneBigProject.app/$(BUNDLE_EXECUTABLE_FOLDER_PATH)/OneBigProject";
			};
			name = Release;
		};
		8517051E2CD18783002C14AA /* Debug */ = {
			isa = XCBuildConfiguration;
			buildSettings = {
				ALWAYS_EMBED_SWIFT_STANDARD_LIBRARIES = YES;
				CODE_SIGN_STYLE = Automatic;
				CURRENT_PROJECT_VERSION = 1;
				GENERATE_INFOPLIST_FILE = YES;
				IPHONEOS_DEPLOYMENT_TARGET = 17.0;
				MACOSX_DEPLOYMENT_TARGET = 14.0;
				MARKETING_VERSION = 1.0;
				PRODUCT_BUNDLE_IDENTIFIER = nbottkjaer.OneBigProjectUITests;
				PRODUCT_NAME = "$(TARGET_NAME)";
				SDKROOT = auto;
				SUPPORTED_PLATFORMS = "iphoneos iphonesimulator macosx";
				SWIFT_EMIT_LOC_STRINGS = NO;
				SWIFT_VERSION = 5.0;
				TARGETED_DEVICE_FAMILY = "1,2";
				TEST_TARGET_NAME = OneBigProject;
			};
			name = Debug;
		};
		8517051F2CD18783002C14AA /* Release */ = {
			isa = XCBuildConfiguration;
			buildSettings = {
				ALWAYS_EMBED_SWIFT_STANDARD_LIBRARIES = YES;
				CODE_SIGN_STYLE = Automatic;
				CURRENT_PROJECT_VERSION = 1;
				GENERATE_INFOPLIST_FILE = YES;
				IPHONEOS_DEPLOYMENT_TARGET = 17.0;
				MACOSX_DEPLOYMENT_TARGET = 14.0;
				MARKETING_VERSION = 1.0;
				PRODUCT_BUNDLE_IDENTIFIER = nbottkjaer.OneBigProjectUITests;
				PRODUCT_NAME = "$(TARGET_NAME)";
				SDKROOT = auto;
				SUPPORTED_PLATFORMS = "iphoneos iphonesimulator macosx";
				SWIFT_EMIT_LOC_STRINGS = NO;
				SWIFT_VERSION = 5.0;
				TARGETED_DEVICE_FAMILY = "1,2";
				TEST_TARGET_NAME = OneBigProject;
			};
			name = Release;
		};
/* End XCBuildConfiguration section */

/* Begin XCConfigurationList section */
		851704ED2CD18781002C14AA /* Build configuration list for PBXProject "OneBigProject" */ = {
			isa = XCConfigurationList;
			buildConfigurations = (
				851705152CD18783002C14AA /* Debug */,
				851705162CD18783002C14AA /* Release */,
			);
			defaultConfigurationIsVisible = 0;
			defaultConfigurationName = Release;
		};
		851705172CD18783002C14AA /* Build configuration list for PBXNativeTarget "OneBigProject" */ = {
			isa = XCConfigurationList;
			buildConfigurations = (
				851705182CD18783002C14AA /* Debug */,
				851705192CD18783002C14AA /* Release */,
			);
			defaultConfigurationIsVisible = 0;
			defaultConfigurationName = Release;
		};
		8517051A2CD18783002C14AA /* Build configuration list for PBXNativeTarget "OneBigProjectTests" */ = {
			isa = XCConfigurationList;
			buildConfigurations = (
				8517051B2CD18783002C14AA /* Debug */,
				8517051C2CD18783002C14AA /* Release */,
			);
			defaultConfigurationIsVisible = 0;
			defaultConfigurationName = Release;
		};
		8517051D2CD18783002C14AA /* Build configuration list for PBXNativeTarget "OneBigProjectUITests" */ = {
			isa = XCConfigurationList;
			buildConfigurations = (
				8517051E2CD18783002C14AA /* Debug */,
				8517051F2CD18783002C14AA /* Release */,
			);
			defaultConfigurationIsVisible = 0;
			defaultConfigurationName = Release;
		};
/* End XCConfigurationList section */
	};
	rootObject = 851704EA2CD18781002C14AA /* Project object */;
}
